
Microsoft Visual Studio Solution File, Format Version 12.00
# Visual Studio Version 17
VisualStudioVersion = 17.8.34322.80
MinimumVisualStudioVersion = 10.0.40219.1
Project("{9A19103F-16F7-4668-BE54-9A1E7A4F7556}") = "TenderProject", "TenderProject.csproj", "{4128B277-5596-46A9-B584-05ED7475717E}"
EndProject
Global
	GlobalSection(SolutionConfigurationPlatforms) = preSolution
		Debug|Any CPU = Debug|Any CPU
		Release|Any CPU = Release|Any CPU
	EndGlobalSection
	GlobalSection(ProjectConfigurationPlatforms) = postSolution
		{4128B277-5596-46A9-B584-05ED7475717E}.Debug|Any CPU.ActiveCfg = Debug|Any CPU
		{4128B277-5596-46A9-B584-05ED7475717E}.Debug|Any CPU.Build.0 = Debug|Any CPU
		{4128B277-5596-46A9-B584-05ED7475717E}.Release|Any CPU.ActiveCfg = Release|Any CPU
		{4128B277-5596-46A9-B584-05ED7475717E}.Release|Any CPU.Build.0 = Release|Any CPU
	EndGlobalSection
	GlobalSection(SolutionProperties) = preSolution
		HideSolutionNode = FALSE
	EndGlobalSection
	GlobalSection(ExtensibilityGlobals) = postSolution
		SolutionGuid = {43A2F56F-7EAF-4F23-813E-32D95AD84AA0}
	EndGlobalSection
EndGlobal
